// !$*UTF8*$!
{
	archiveVersion = 1;
	classes = {
	};
	objectVersion = 46;
	objects = {

/* Begin PBXBuildFile section */
		5E269ABA15A5D3410055BEFB /* CALayer+LayerDebugging.m in Sources */ = {isa = PBXBuildFile; fileRef = 5E269AB915A5D2360055BEFB /* CALayer+LayerDebugging.m */; };
		5E269ABD15A743EB0055BEFB /* MCKAnimationDelegate.m in Sources */ = {isa = PBXBuildFile; fileRef = 5E269ABC15A743EB0055BEFB /* MCKAnimationDelegate.m */; };
		5E269ACC15A74C4E0055BEFB /* MCKAnimations.m in Sources */ = {isa = PBXBuildFile; fileRef = 5E269ACB15A74C4E0055BEFB /* MCKAnimations.m */; };
		5E984F5715177F1A00AFED27 /* UIKit.framework in Frameworks */ = {isa = PBXBuildFile; fileRef = 5E984F5615177F1A00AFED27 /* UIKit.framework */; };
		5E984F5915177F1A00AFED27 /* Foundation.framework in Frameworks */ = {isa = PBXBuildFile; fileRef = 5E984F5815177F1A00AFED27 /* Foundation.framework */; };
		5E984F5B15177F1A00AFED27 /* CoreGraphics.framework in Frameworks */ = {isa = PBXBuildFile; fileRef = 5E984F5A15177F1A00AFED27 /* CoreGraphics.framework */; };
		5E984F6115177F1A00AFED27 /* InfoPlist.strings in Resources */ = {isa = PBXBuildFile; fileRef = 5E984F5F15177F1A00AFED27 /* InfoPlist.strings */; };
		5E984F6315177F1A00AFED27 /* main.m in Sources */ = {isa = PBXBuildFile; fileRef = 5E984F6215177F1A00AFED27 /* main.m */; };
		5E984F6715177F1A00AFED27 /* AppDelegate.m in Sources */ = {isa = PBXBuildFile; fileRef = 5E984F6615177F1A00AFED27 /* AppDelegate.m */; };
		5E984F6A15177F1A00AFED27 /* MainStoryboard.storyboard in Resources */ = {isa = PBXBuildFile; fileRef = 5E984F6815177F1A00AFED27 /* MainStoryboard.storyboard */; };
		5E984F6D15177F1A00AFED27 /* ViewController.m in Sources */ = {isa = PBXBuildFile; fileRef = 5E984F6C15177F1A00AFED27 /* ViewController.m */; };
		5E984F75151782BE00AFED27 /* o1_300x402.jpg in Resources */ = {isa = PBXBuildFile; fileRef = 5E984F73151782BE00AFED27 /* o1_300x402.jpg */; };
		5E984F76151782BE00AFED27 /* o2_150x201.jpg in Resources */ = {isa = PBXBuildFile; fileRef = 5E984F74151782BE00AFED27 /* o2_150x201.jpg */; };
		5E984F781517977900AFED27 /* QuartzCore.framework in Frameworks */ = {isa = PBXBuildFile; fileRef = 5E984F771517977900AFED27 /* QuartzCore.framework */; };
		5EFFBB43159DD6C3004E6084 /* DCCrossHairView.m in Sources */ = {isa = PBXBuildFile; fileRef = 5EFFBB3B159DD6C3004E6084 /* DCCrossHairView.m */; settings = {COMPILER_FLAGS = "-fno-objc-arc"; }; };
		5EFFBB44159DD6C3004E6084 /* DCFrameView.m in Sources */ = {isa = PBXBuildFile; fileRef = 5EFFBB3D159DD6C3004E6084 /* DCFrameView.m */; settings = {COMPILER_FLAGS = "-fno-objc-arc"; }; };
		5EFFBB45159DD6C3004E6084 /* DCIntrospect.m in Sources */ = {isa = PBXBuildFile; fileRef = 5EFFBB3F159DD6C3004E6084 /* DCIntrospect.m */; settings = {COMPILER_FLAGS = "-fno-objc-arc"; }; };
		5EFFBB46159DD6C3004E6084 /* DCStatusBarOverlay.m in Sources */ = {isa = PBXBuildFile; fileRef = 5EFFBB42159DD6C3004E6084 /* DCStatusBarOverlay.m */; settings = {COMPILER_FLAGS = "-fno-objc-arc"; }; };
		5EFFBB54159DEBD3004E6084 /* libiOSHierarchyViewer_fat.a in Frameworks */ = {isa = PBXBuildFile; fileRef = 5EFFBB4A159DDA67004E6084 /* libiOSHierarchyViewer_fat.a */; };
/* End PBXBuildFile section */

/* Begin PBXFileReference section */
		5E269AB815A5D2360055BEFB /* CALayer+LayerDebugging.h */ = {isa = PBXFileReference; lastKnownFileType = sourcecode.c.h; path = "CALayer+LayerDebugging.h"; sourceTree = "<group>"; };
		5E269AB915A5D2360055BEFB /* CALayer+LayerDebugging.m */ = {isa = PBXFileReference; lastKnownFileType = sourcecode.c.objc; path = "CALayer+LayerDebugging.m"; sourceTree = "<group>"; };
		5E269ABB15A743EB0055BEFB /* MCKAnimationDelegate.h */ = {isa = PBXFileReference; fileEncoding = 4; lastKnownFileType = sourcecode.c.h; path = MCKAnimationDelegate.h; sourceTree = "<group>"; };
		5E269ABC15A743EB0055BEFB /* MCKAnimationDelegate.m */ = {isa = PBXFileReference; fileEncoding = 4; lastKnownFileType = sourcecode.c.objc; path = MCKAnimationDelegate.m; sourceTree = "<group>"; };
		5E269ACA15A74C4E0055BEFB /* MCKAnimations.h */ = {isa = PBXFileReference; fileEncoding = 4; lastKnownFileType = sourcecode.c.h; path = MCKAnimations.h; sourceTree = "<group>"; };
		5E269ACB15A74C4E0055BEFB /* MCKAnimations.m */ = {isa = PBXFileReference; fileEncoding = 4; lastKnownFileType = sourcecode.c.objc; path = MCKAnimations.m; sourceTree = "<group>"; };
		5E984F5215177F1A00AFED27 /* ZoomCrossDissolveTest.app */ = {isa = PBXFileReference; explicitFileType = wrapper.application; includeInIndex = 0; path = ZoomCrossDissolveTest.app; sourceTree = BUILT_PRODUCTS_DIR; };
		5E984F5615177F1A00AFED27 /* UIKit.framework */ = {isa = PBXFileReference; lastKnownFileType = wrapper.framework; name = UIKit.framework; path = System/Library/Frameworks/UIKit.framework; sourceTree = SDKROOT; };
		5E984F5815177F1A00AFED27 /* Foundation.framework */ = {isa = PBXFileReference; lastKnownFileType = wrapper.framework; name = Foundation.framework; path = System/Library/Frameworks/Foundation.framework; sourceTree = SDKROOT; };
		5E984F5A15177F1A00AFED27 /* CoreGraphics.framework */ = {isa = PBXFileReference; lastKnownFileType = wrapper.framework; name = CoreGraphics.framework; path = System/Library/Frameworks/CoreGraphics.framework; sourceTree = SDKROOT; };
		5E984F5E15177F1A00AFED27 /* ZoomCrossDissolveTest-Info.plist */ = {isa = PBXFileReference; lastKnownFileType = text.plist.xml; path = "ZoomCrossDissolveTest-Info.plist"; sourceTree = "<group>"; };
		5E984F6015177F1A00AFED27 /* en */ = {isa = PBXFileReference; lastKnownFileType = text.plist.strings; name = en; path = en.lproj/InfoPlist.strings; sourceTree = "<group>"; };
		5E984F6215177F1A00AFED27 /* main.m */ = {isa = PBXFileReference; lastKnownFileType = sourcecode.c.objc; path = main.m; sourceTree = "<group>"; };
		5E984F6415177F1A00AFED27 /* ZoomCrossDissolveTest-Prefix.pch */ = {isa = PBXFileReference; lastKnownFileType = sourcecode.c.h; path = "ZoomCrossDissolveTest-Prefix.pch"; sourceTree = "<group>"; };
		5E984F6515177F1A00AFED27 /* AppDelegate.h */ = {isa = PBXFileReference; lastKnownFileType = sourcecode.c.h; path = AppDelegate.h; sourceTree = "<group>"; };
		5E984F6615177F1A00AFED27 /* AppDelegate.m */ = {isa = PBXFileReference; lastKnownFileType = sourcecode.c.objc; path = AppDelegate.m; sourceTree = "<group>"; };
		5E984F6915177F1A00AFED27 /* en */ = {isa = PBXFileReference; lastKnownFileType = file.storyboard; name = en; path = en.lproj/MainStoryboard.storyboard; sourceTree = "<group>"; };
		5E984F6B15177F1A00AFED27 /* ViewController.h */ = {isa = PBXFileReference; lastKnownFileType = sourcecode.c.h; path = ViewController.h; sourceTree = "<group>"; };
		5E984F6C15177F1A00AFED27 /* ViewController.m */ = {isa = PBXFileReference; lastKnownFileType = sourcecode.c.objc; path = ViewController.m; sourceTree = "<group>"; };
		5E984F73151782BE00AFED27 /* o1_300x402.jpg */ = {isa = PBXFileReference; lastKnownFileType = image.jpeg; path = o1_300x402.jpg; sourceTree = "<group>"; };
		5E984F74151782BE00AFED27 /* o2_150x201.jpg */ = {isa = PBXFileReference; lastKnownFileType = image.jpeg; path = o2_150x201.jpg; sourceTree = "<group>"; };
		5E984F771517977900AFED27 /* QuartzCore.framework */ = {isa = PBXFileReference; lastKnownFileType = wrapper.framework; name = QuartzCore.framework; path = System/Library/Frameworks/QuartzCore.framework; sourceTree = SDKROOT; };
		5EFFBB3A159DD6C3004E6084 /* DCCrossHairView.h */ = {isa = PBXFileReference; fileEncoding = 4; lastKnownFileType = sourcecode.c.h; path = DCCrossHairView.h; sourceTree = "<group>"; };
		5EFFBB3B159DD6C3004E6084 /* DCCrossHairView.m */ = {isa = PBXFileReference; fileEncoding = 4; lastKnownFileType = sourcecode.c.objc; path = DCCrossHairView.m; sourceTree = "<group>"; };
		5EFFBB3C159DD6C3004E6084 /* DCFrameView.h */ = {isa = PBXFileReference; fileEncoding = 4; lastKnownFileType = sourcecode.c.h; path = DCFrameView.h; sourceTree = "<group>"; };
		5EFFBB3D159DD6C3004E6084 /* DCFrameView.m */ = {isa = PBXFileReference; fileEncoding = 4; lastKnownFileType = sourcecode.c.objc; path = DCFrameView.m; sourceTree = "<group>"; };
		5EFFBB3E159DD6C3004E6084 /* DCIntrospect.h */ = {isa = PBXFileReference; fileEncoding = 4; lastKnownFileType = sourcecode.c.h; path = DCIntrospect.h; sourceTree = "<group>"; };
		5EFFBB3F159DD6C3004E6084 /* DCIntrospect.m */ = {isa = PBXFileReference; fileEncoding = 4; lastKnownFileType = sourcecode.c.objc; path = DCIntrospect.m; sourceTree = "<group>"; };
		5EFFBB40159DD6C3004E6084 /* DCIntrospectSettings.h */ = {isa = PBXFileReference; fileEncoding = 4; lastKnownFileType = sourcecode.c.h; path = DCIntrospectSettings.h; sourceTree = "<group>"; };
		5EFFBB41159DD6C3004E6084 /* DCStatusBarOverlay.h */ = {isa = PBXFileReference; fileEncoding = 4; lastKnownFileType = sourcecode.c.h; path = DCStatusBarOverlay.h; sourceTree = "<group>"; };
		5EFFBB42159DD6C3004E6084 /* DCStatusBarOverlay.m */ = {isa = PBXFileReference; fileEncoding = 4; lastKnownFileType = sourcecode.c.objc; path = DCStatusBarOverlay.m; sourceTree = "<group>"; };
		5EFFBB49159DDA67004E6084 /* iOSHierarchyViewer.h */ = {isa = PBXFileReference; lastKnownFileType = sourcecode.c.h; path = iOSHierarchyViewer.h; sourceTree = "<group>"; };
		5EFFBB4A159DDA67004E6084 /* libiOSHierarchyViewer_fat.a */ = {isa = PBXFileReference; explicitFileType = archive.ar; path = libiOSHierarchyViewer_fat.a; sourceTree = "<group>"; };
/* End PBXFileReference section */

/* Begin PBXFrameworksBuildPhase section */
		5E984F4F15177F1A00AFED27 /* Frameworks */ = {
			isa = PBXFrameworksBuildPhase;
			buildActionMask = 2147483647;
			files = (
				5EFFBB54159DEBD3004E6084 /* libiOSHierarchyViewer_fat.a in Frameworks */,
				5E984F781517977900AFED27 /* QuartzCore.framework in Frameworks */,
				5E984F5715177F1A00AFED27 /* UIKit.framework in Frameworks */,
				5E984F5915177F1A00AFED27 /* Foundation.framework in Frameworks */,
				5E984F5B15177F1A00AFED27 /* CoreGraphics.framework in Frameworks */,
			);
			runOnlyForDeploymentPostprocessing = 0;
		};
/* End PBXFrameworksBuildPhase section */

/* Begin PBXGroup section */
		5E269AB615A5D2240055BEFB /* utilities */ = {
			isa = PBXGroup;
			children = (
				5E269AB815A5D2360055BEFB /* CALayer+LayerDebugging.h */,
				5E269AB915A5D2360055BEFB /* CALayer+LayerDebugging.m */,
			);
			name = utilities;
			sourceTree = "<group>";
		};
		5E984F4715177F1A00AFED27 = {
			isa = PBXGroup;
			children = (
				5E269AB615A5D2240055BEFB /* utilities */,
				5EFFBB48159DDA45004E6084 /* iOSHierarchyViewer */,
				5EFFBB39159DD6C3004E6084 /* DCIntrospect */,
				5E984F5C15177F1A00AFED27 /* ZoomCrossDissolveTest */,
				5E984F5515177F1A00AFED27 /* Frameworks */,
				5E984F5315177F1A00AFED27 /* Products */,
			);
			sourceTree = "<group>";
		};
		5E984F5315177F1A00AFED27 /* Products */ = {
			isa = PBXGroup;
			children = (
				5E984F5215177F1A00AFED27 /* ZoomCrossDissolveTest.app */,
			);
			name = Products;
			sourceTree = "<group>";
		};
		5E984F5515177F1A00AFED27 /* Frameworks */ = {
			isa = PBXGroup;
			children = (
				5E984F771517977900AFED27 /* QuartzCore.framework */,
				5E984F5615177F1A00AFED27 /* UIKit.framework */,
				5E984F5815177F1A00AFED27 /* Foundation.framework */,
				5E984F5A15177F1A00AFED27 /* CoreGraphics.framework */,
			);
			name = Frameworks;
			sourceTree = "<group>";
		};
		5E984F5C15177F1A00AFED27 /* ZoomCrossDissolveTest */ = {
			isa = PBXGroup;
			children = (
				5E984F6515177F1A00AFED27 /* AppDelegate.h */,
				5E984F6615177F1A00AFED27 /* AppDelegate.m */,
				5E984F6815177F1A00AFED27 /* MainStoryboard.storyboard */,
				5E984F6B15177F1A00AFED27 /* ViewController.h */,
				5E984F6C15177F1A00AFED27 /* ViewController.m */,
				5E984F5D15177F1A00AFED27 /* Supporting Files */,
				5E269ABB15A743EB0055BEFB /* MCKAnimationDelegate.h */,
				5E269ABC15A743EB0055BEFB /* MCKAnimationDelegate.m */,
				5E269ACA15A74C4E0055BEFB /* MCKAnimations.h */,
				5E269ACB15A74C4E0055BEFB /* MCKAnimations.m */,
			);
			path = ZoomCrossDissolveTest;
			sourceTree = "<group>";
		};
		5E984F5D15177F1A00AFED27 /* Supporting Files */ = {
			isa = PBXGroup;
			children = (
				5E984F73151782BE00AFED27 /* o1_300x402.jpg */,
				5E984F74151782BE00AFED27 /* o2_150x201.jpg */,
				5E984F5E15177F1A00AFED27 /* ZoomCrossDissolveTest-Info.plist */,
				5E984F5F15177F1A00AFED27 /* InfoPlist.strings */,
				5E984F6215177F1A00AFED27 /* main.m */,
				5E984F6415177F1A00AFED27 /* ZoomCrossDissolveTest-Prefix.pch */,
			);
			name = "Supporting Files";
			sourceTree = "<group>";
		};
		5EFFBB39159DD6C3004E6084 /* DCIntrospect */ = {
			isa = PBXGroup;
			children = (
				5EFFBB3A159DD6C3004E6084 /* DCCrossHairView.h */,
				5EFFBB3B159DD6C3004E6084 /* DCCrossHairView.m */,
				5EFFBB3C159DD6C3004E6084 /* DCFrameView.h */,
				5EFFBB3D159DD6C3004E6084 /* DCFrameView.m */,
				5EFFBB3E159DD6C3004E6084 /* DCIntrospect.h */,
				5EFFBB3F159DD6C3004E6084 /* DCIntrospect.m */,
				5EFFBB40159DD6C3004E6084 /* DCIntrospectSettings.h */,
				5EFFBB41159DD6C3004E6084 /* DCStatusBarOverlay.h */,
				5EFFBB42159DD6C3004E6084 /* DCStatusBarOverlay.m */,
			);
			path = DCIntrospect;
			sourceTree = "<group>";
		};
		5EFFBB48159DDA45004E6084 /* iOSHierarchyViewer */ = {
			isa = PBXGroup;
			children = (
				5EFFBB49159DDA67004E6084 /* iOSHierarchyViewer.h */,
				5EFFBB4A159DDA67004E6084 /* libiOSHierarchyViewer_fat.a */,
			);
			name = iOSHierarchyViewer;
			sourceTree = "<group>";
		};
/* End PBXGroup section */

/* Begin PBXNativeTarget section */
		5E984F5115177F1A00AFED27 /* ZoomCrossDissolveTest */ = {
			isa = PBXNativeTarget;
			buildConfigurationList = 5E984F7015177F1A00AFED27 /* Build configuration list for PBXNativeTarget "ZoomCrossDissolveTest" */;
			buildPhases = (
				5E984F4E15177F1A00AFED27 /* Sources */,
				5E984F4F15177F1A00AFED27 /* Frameworks */,
				5E984F5015177F1A00AFED27 /* Resources */,
			);
			buildRules = (
			);
			dependencies = (
			);
			name = ZoomCrossDissolveTest;
			productName = ZoomCrossDissolveTest;
			productReference = 5E984F5215177F1A00AFED27 /* ZoomCrossDissolveTest.app */;
			productType = "com.apple.product-type.application";
		};
/* End PBXNativeTarget section */

/* Begin PBXProject section */
		5E984F4915177F1A00AFED27 /* Project object */ = {
			isa = PBXProject;
			attributes = {
				LastUpgradeCheck = 0420;
			};
			buildConfigurationList = 5E984F4C15177F1A00AFED27 /* Build configuration list for PBXProject "ZoomCrossDissolveTest" */;
			compatibilityVersion = "Xcode 3.2";
			developmentRegion = English;
			hasScannedForEncodings = 0;
			knownRegions = (
				en,
			);
			mainGroup = 5E984F4715177F1A00AFED27;
			productRefGroup = 5E984F5315177F1A00AFED27 /* Products */;
			projectDirPath = "";
			projectRoot = "";
			targets = (
				5E984F5115177F1A00AFED27 /* ZoomCrossDissolveTest */,
			);
		};
/* End PBXProject section */

/* Begin PBXResourcesBuildPhase section */
		5E984F5015177F1A00AFED27 /* Resources */ = {
			isa = PBXResourcesBuildPhase;
			buildActionMask = 2147483647;
			files = (
				5E984F6115177F1A00AFED27 /* InfoPlist.strings in Resources */,
				5E984F6A15177F1A00AFED27 /* MainStoryboard.storyboard in Resources */,
				5E984F75151782BE00AFED27 /* o1_300x402.jpg in Resources */,
				5E984F76151782BE00AFED27 /* o2_150x201.jpg in Resources */,
			);
			runOnlyForDeploymentPostprocessing = 0;
		};
/* End PBXResourcesBuildPhase section */

/* Begin PBXSourcesBuildPhase section */
		5E984F4E15177F1A00AFED27 /* Sources */ = {
			isa = PBXSourcesBuildPhase;
			buildActionMask = 2147483647;
			files = (
				5E269ABA15A5D3410055BEFB /* CALayer+LayerDebugging.m in Sources */,
				5E984F6315177F1A00AFED27 /* main.m in Sources */,
				5E984F6715177F1A00AFED27 /* AppDelegate.m in Sources */,
				5E984F6D15177F1A00AFED27 /* ViewController.m in Sources */,
				5EFFBB43159DD6C3004E6084 /* DCCrossHairView.m in Sources */,
				5EFFBB44159DD6C3004E6084 /* DCFrameView.m in Sources */,
				5EFFBB45159DD6C3004E6084 /* DCIntrospect.m in Sources */,
				5EFFBB46159DD6C3004E6084 /* DCStatusBarOverlay.m in Sources */,
				5E269ABD15A743EB0055BEFB /* MCKAnimationDelegate.m in Sources */,
				5E269ACC15A74C4E0055BEFB /* MCKAnimations.m in Sources */,
			);
			runOnlyForDeploymentPostprocessing = 0;
		};
/* End PBXSourcesBuildPhase section */

/* Begin PBXVariantGroup section */
		5E984F5F15177F1A00AFED27 /* InfoPlist.strings */ = {
			isa = PBXVariantGroup;
			children = (
				5E984F6015177F1A00AFED27 /* en */,
			);
			name = InfoPlist.strings;
			sourceTree = "<group>";
		};
		5E984F6815177F1A00AFED27 /* MainStoryboard.storyboard */ = {
			isa = PBXVariantGroup;
			children = (
				5E984F6915177F1A00AFED27 /* en */,
			);
			name = MainStoryboard.storyboard;
			sourceTree = "<group>";
		};
/* End PBXVariantGroup section */

/* Begin XCBuildConfiguration section */
		5E984F6E15177F1A00AFED27 /* Debug */ = {
			isa = XCBuildConfiguration;
			buildSettings = {
				ALWAYS_SEARCH_USER_PATHS = NO;
				ARCHS = "$(ARCHS_STANDARD_32_BIT)";
				CLANG_ENABLE_OBJC_ARC = YES;
				"CODE_SIGN_IDENTITY[sdk=iphoneos*]" = "iPhone Developer";
				COPY_PHASE_STRIP = NO;
				GCC_C_LANGUAGE_STANDARD = gnu99;
				GCC_DYNAMIC_NO_PIC = NO;
				GCC_OPTIMIZATION_LEVEL = 0;
				GCC_PREPROCESSOR_DEFINITIONS = (
					"DEBUG=1",
					"$(inherited)",
				);
				GCC_SYMBOLS_PRIVATE_EXTERN = NO;
				GCC_VERSION = com.apple.compilers.llvm.clang.1_0;
				GCC_WARN_ABOUT_MISSING_PROTOTYPES = YES;
				GCC_WARN_ABOUT_RETURN_TYPE = YES;
				GCC_WARN_UNUSED_VARIABLE = YES;
				IPHONEOS_DEPLOYMENT_TARGET = 5.0;
				OTHER_LDFLAGS = (
					"-all_load",
					"-ObjC",
				);
				SDKROOT = iphoneos;
				TARGETED_DEVICE_FAMILY = 2;
			};
			name = Debug;
		};
		5E984F6F15177F1A00AFED27 /* Release */ = {
			isa = XCBuildConfiguration;
			buildSettings = {
				ALWAYS_SEARCH_USER_PATHS = NO;
				ARCHS = "$(ARCHS_STANDARD_32_BIT)";
				CLANG_ENABLE_OBJC_ARC = YES;
				"CODE_SIGN_IDENTITY[sdk=iphoneos*]" = "iPhone Developer";
				COPY_PHASE_STRIP = YES;
				GCC_C_LANGUAGE_STANDARD = gnu99;
				GCC_VERSION = com.apple.compilers.llvm.clang.1_0;
				GCC_WARN_ABOUT_MISSING_PROTOTYPES = YES;
				GCC_WARN_ABOUT_RETURN_TYPE = YES;
				GCC_WARN_UNUSED_VARIABLE = YES;
				IPHONEOS_DEPLOYMENT_TARGET = 5.0;
				OTHER_CFLAGS = "-DNS_BLOCK_ASSERTIONS=1";
				OTHER_LDFLAGS = (
					"-all_load",
					"-ObjC",
				);
				SDKROOT = iphoneos;
				TARGETED_DEVICE_FAMILY = 2;
				VALIDATE_PRODUCT = YES;
			};
			name = Release;
		};
		5E984F7115177F1A00AFED27 /* Debug */ = {
			isa = XCBuildConfiguration;
			buildSettings = {
				GCC_PRECOMPILE_PREFIX_HEADER = YES;
				GCC_PREFIX_HEADER = "ZoomCrossDissolveTest/ZoomCrossDissolveTest-Prefix.pch";
				INFOPLIST_FILE = "ZoomCrossDissolveTest/ZoomCrossDissolveTest-Info.plist";
				LIBRARY_SEARCH_PATHS = (
					"$(inherited)",
					"\"$(SRCROOT)\"",
				);
				PRODUCT_NAME = "$(TARGET_NAME)";
				WRAPPER_EXTENSION = app;
			};
			name = Debug;
		};
		5E984F7215177F1A00AFED27 /* Release */ = {
			isa = XCBuildConfiguration;
			buildSettings = {
				GCC_PRECOMPILE_PREFIX_HEADER = YES;
				GCC_PREFIX_HEADER = "ZoomCrossDissolveTest/ZoomCrossDissolveTest-Prefix.pch";
				INFOPLIST_FILE = "ZoomCrossDissolveTest/ZoomCrossDissolveTest-Info.plist";
				LIBRARY_SEARCH_PATHS = (
					"$(inherited)",
					"\"$(SRCROOT)\"",
				);
				PRODUCT_NAME = "$(TARGET_NAME)";
				WRAPPER_EXTENSION = app;
			};
			name = Release;
		};
/* End XCBuildConfiguration section */

/* Begin XCConfigurationList section */
		5E984F4C15177F1A00AFED27 /* Build configuration list for PBXProject "ZoomCrossDissolveTest" */ = {
			isa = XCConfigurationList;
			buildConfigurations = (
				5E984F6E15177F1A00AFED27 /* Debug */,
				5E984F6F15177F1A00AFED27 /* Release */,
			);
			defaultConfigurationIsVisible = 0;
			defaultConfigurationName = Release;
		};
		5E984F7015177F1A00AFED27 /* Build configuration list for PBXNativeTarget "ZoomCrossDissolveTest" */ = {
			isa = XCConfigurationList;
			buildConfigurations = (
				5E984F7115177F1A00AFED27 /* Debug */,
				5E984F7215177F1A00AFED27 /* Release */,
			);
			defaultConfigurationIsVisible = 0;
			defaultConfigurationName = Release;
		};
/* End XCConfigurationList section */
	};
	rootObject = 5E984F4915177F1A00AFED27 /* Project object */;
}
